# THIS IS AN AUTOGENERATED FILE. DO NOT EDIT THIS FILE DIRECTLY.
# yarn lockfile v1


"@types/form-data@^2.5.0":
  version "2.5.0"
  resolved "https://registry.npmmirror.com/@types/form-data/download/@types/form-data-2.5.0.tgz#5025f7433016f923348434c40006d9a797c1b0e8"
  integrity sha1-UCX3QzAW+SM0hDTEAAbZp5fBsOg=
  dependencies:
    form-data "*"

"@types/node@*", "@types/node@^16.11.13":
  version "16.11.13"
  resolved "https://registry.npmmirror.com/@types/node/download/@types/node-16.11.13.tgz#6b71641b81a98c6a538d89892440c06f147edddc"
  integrity sha512-eUXZzHLHoZqj1frtUetNkUetYoJ6X55UmrVnFD4DMhVeAmwLjniZhtBmsRiemQh4uq4G3vUra/Ws/hs9vEvL3Q==

"@types/ws@^8.2.2":
  version "8.2.2"
  resolved "https://registry.npmmirror.com/@types/ws/download/@types/ws-8.2.2.tgz#7c5be4decb19500ae6b3d563043cd407bf366c21"
  integrity sha512-NOn5eIcgWLOo6qW8AcuLZ7G8PycXu0xTxxkS6Q18VWFxgPUSOwV0pBj2a/4viNZVu25i7RIB7GttdkAIUUXOOg==
  dependencies:
    "@types/node" "*"

asynckit@^0.4.0:
  version "0.4.0"
  resolved "https://registry.nlark.com/asynckit/download/asynckit-0.4.0.tgz#c79ed97f7f34cb8f2ba1bc9790bcc366474b4b79"
  integrity sha1-x57Zf380y48robyXkLzDZkdLS3k=

combined-stream@^1.0.8:
  version "1.0.8"
  resolved "https://registry.nlark.com/combined-stream/download/combined-stream-1.0.8.tgz#c3d45a8b34fd730631a110a8a2520682b31d5a7f"
  integrity sha1-w9RaizT9cwYxoRCoolIGgrMdWn8=
  dependencies:
    delayed-stream "~1.0.0"

delayed-stream@~1.0.0:
  version "1.0.0"
  resolved "https://registry.nlark.com/delayed-stream/download/delayed-stream-1.0.0.tgz#df3ae199acadfb7d440aaae0b29e2272b24ec619"
  integrity sha1-3zrhmayt+31ECqrgsp4icrJOxhk=

form-data@*, form-data@^4.0.0:
  version "4.0.0"
  resolved "https://registry.nlark.com/form-data/download/form-data-4.0.0.tgz#93919daeaf361ee529584b9b31664dc12c9fa452"
  integrity sha1-k5Gdrq82HuUpWEubMWZNwSyfpFI=
  dependencies:
    asynckit "^0.4.0"
    combined-stream "^1.0.8"
    mime-types "^2.1.12"

mime-db@1.51.0:
  version "1.51.0"
  resolved "https://registry.npmmirror.com/mime-db/download/mime-db-1.51.0.tgz?cache=0&sync_timestamp=1636426024486&other_urls=https%3A%2F%2Fregistry.npmmirror.com%2Fmime-db%2Fdownload%2Fmime-db-1.51.0.tgz#d9ff62451859b18342d960850dc3cfb77e63fb0c"
  integrity sha512-5y8A56jg7XVQx2mbv1lu49NR4dokRnhZYTtL+KGfaa27uq4pSTXkwQkFJl4pkRMyNFz/EtYDSkiiEHx3F7UN6g==

mime-types@^2.1.12:
  version "2.1.34"
  resolved "https://registry.npmmirror.com/mime-types/download/mime-types-2.1.34.tgz?cache=0&sync_timestamp=1636432244120&other_urls=https%3A%2F%2Fregistry.npmmirror.com%2Fmime-types%2Fdownload%2Fmime-types-2.1.34.tgz#5a712f9ec1503511a945803640fafe09d3793c24"
  integrity sha512-6cP692WwGIs9XXdOO4++N+7qjqv0rqxxVvJ3VHPh/Sc9mVZcQP+ZGhkKiTvWMQRr2tbHkJP/Yn7Y0npb3ZBs4A==
  dependencies:
    mime-db "1.51.0"

typescript@^4.5.4:
  version "4.5.4"
  resolved "https://registry.npmmirror.com/typescript/download/typescript-4.5.4.tgz#a17d3a0263bf5c8723b9c52f43c5084edf13c2e8"
  integrity sha512-VgYs2A2QIRuGphtzFV7aQJduJ2gyfTljngLzjpfW9FoYZF6xuw1W0vW9ghCKLfcWrCFxK81CSGRAvS1pn4fIUg==

ws@^8.3.0:
  version "8.3.0"
  resolved "https://registry.yarnpkg.com/ws/-/ws-8.3.0.tgz#7185e252c8973a60d57170175ff55fdbd116070d"
  integrity sha512-Gs5EZtpqZzLvmIM59w4igITU57lrtYVFneaa434VROv4thzJyV6UjIL3D42lslWlI+D4KzLYnxSwtfuiO79sNw==
